
Microsoft Visual Studio Solution File, Format Version 12.00
# Visual Studio Version 17
VisualStudioVersion = 17.3.32922.545
MinimumVisualStudioVersion = 10.0.40219.1
Project("{2150E333-8FDC-42A3-9474-1A3956D46DE8}") = "DP_Observer", "DP_Observer", "{307402F1-30D0-41BC-9B99-FC636300F507}"
EndProject
Project("{9A19103F-16F7-4668-BE54-9A1E7A4F7556}") = "DP_Observer01", "DP_Observer\DP_Observer01\DP_Observer01.csproj", "{268E480A-AFE6-44C9-8F42-1398184BDA40}"
EndProject
Project("{9A19103F-16F7-4668-BE54-9A1E7A4F7556}") = "DP_Observer02", "DP_Observer\DP_Observer02\DP_Observer02.csproj", "{509B0389-784A-40AB-825B-6D8485757C1C}"
EndProject
Project("{9A19103F-16F7-4668-BE54-9A1E7A4F7556}") = "DP_Observer03", "DP_Observer\DP_Observer03\DP_Observer03.csproj", "{28CF6B54-C889-4459-8F0C-9C1E72C35D04}"
EndProject
Project("{9A19103F-16F7-4668-BE54-9A1E7A4F7556}") = "DP_Observer04", "DP_Observer\DP_Observer04\DP_Observer04.csproj", "{42AB008D-CF73-407E-B463-9F1BDD59BAE7}"
EndProject
Project("{2150E333-8FDC-42A3-9474-1A3956D46DE8}") = "DP_Strategy", "DP_Strategy", "{07907815-A820-4FA6-9E1F-CB5BF62F0010}"
EndProject
Project("{9A19103F-16F7-4668-BE54-9A1E7A4F7556}") = "DP_Strategy", "DP_Strategy\DP_Strategy.csproj", "{A906D83B-4EEC-4521-857B-2A5314EB8A2E}"
EndProject
Project("{2150E333-8FDC-42A3-9474-1A3956D46DE8}") = "DP_SimpleFactory", "DP_SimpleFactory", "{8B1BD18C-F76C-4349-B457-8EA7C637F68D}"
EndProject
Project("{2150E333-8FDC-42A3-9474-1A3956D46DE8}") = "DP_Decorator", "DP_Decorator", "{C4147DA2-7573-4023-A9E0-4AC171742210}"
EndProject
Project("{9A19103F-16F7-4668-BE54-9A1E7A4F7556}") = "DP_Decorator02", "DP_Decorator\DP_Decorator02\DP_Decorator02.csproj", "{639473AB-87E1-418C-A5C5-35167FA2AE33}"
EndProject
Project("{9A19103F-16F7-4668-BE54-9A1E7A4F7556}") = "DP_Decorator01", "DP_Decorator\DP_Decorator01\DP_Decorator01.csproj", "{9CF56C25-3B59-4FAC-BAD1-496A88098BA2}"
EndProject
Project("{9A19103F-16F7-4668-BE54-9A1E7A4F7556}") = "DP_Decorator03", "DP_Decorator\DP_Decorator03\DP_Decorator03.csproj", "{D6D41A83-6AE4-4D6B-A68F-E5DDC68178F5}"
EndProject
Project("{9A19103F-16F7-4668-BE54-9A1E7A4F7556}") = "DP_Decorator04", "DP_Decorator\DP_Decorator04\DP_Decorator04.csproj", "{C912D218-02D4-4B0E-83E7-845646F1D031}"
EndProject
Project("{2150E333-8FDC-42A3-9474-1A3956D46DE8}") = "DP_Proxy", "DP_Proxy", "{013243E1-F1A9-4C04-B898-2A08322D81E4}"
EndProject
Project("{9A19103F-16F7-4668-BE54-9A1E7A4F7556}") = "DP_Proxy01", "DP_Proxy\DP_Proxy01\DP_Proxy01.csproj", "{458CFFFF-C167-4BC9-A8BC-8E09A4F439E0}"
EndProject
Project("{9A19103F-16F7-4668-BE54-9A1E7A4F7556}") = "DP_Proxy02", "DP_Proxy\DP_Proxy02\DP_Proxy02.csproj", "{1E37060E-B166-43B5-BCCD-438174D607B8}"
EndProject
Project("{9A19103F-16F7-4668-BE54-9A1E7A4F7556}") = "DP_Proxy03", "DP_Proxy\DP_Proxy03\DP_Proxy03.csproj", "{EB6F510C-12AC-4242-9EFA-6C011269E182}"
EndProject
Global
	GlobalSection(SolutionConfigurationPlatforms) = preSolution
		Debug|Any CPU = Debug|Any CPU
		Release|Any CPU = Release|Any CPU
	EndGlobalSection
	GlobalSection(ProjectConfigurationPlatforms) = postSolution
		{268E480A-AFE6-44C9-8F42-1398184BDA40}.Debug|Any CPU.ActiveCfg = Debug|Any CPU
		{268E480A-AFE6-44C9-8F42-1398184BDA40}.Debug|Any CPU.Build.0 = Debug|Any CPU
		{268E480A-AFE6-44C9-8F42-1398184BDA40}.Release|Any CPU.ActiveCfg = Release|Any CPU
		{268E480A-AFE6-44C9-8F42-1398184BDA40}.Release|Any CPU.Build.0 = Release|Any CPU
		{509B0389-784A-40AB-825B-6D8485757C1C}.Debug|Any CPU.ActiveCfg = Debug|Any CPU
		{509B0389-784A-40AB-825B-6D8485757C1C}.Debug|Any CPU.Build.0 = Debug|Any CPU
		{509B0389-784A-40AB-825B-6D8485757C1C}.Release|Any CPU.ActiveCfg = Release|Any CPU
		{509B0389-784A-40AB-825B-6D8485757C1C}.Release|Any CPU.Build.0 = Release|Any CPU
		{28CF6B54-C889-4459-8F0C-9C1E72C35D04}.Debug|Any CPU.ActiveCfg = Debug|Any CPU
		{28CF6B54-C889-4459-8F0C-9C1E72C35D04}.Debug|Any CPU.Build.0 = Debug|Any CPU
		{28CF6B54-C889-4459-8F0C-9C1E72C35D04}.Release|Any CPU.ActiveCfg = Release|Any CPU
		{28CF6B54-C889-4459-8F0C-9C1E72C35D04}.Release|Any CPU.Build.0 = Release|Any CPU
		{42AB008D-CF73-407E-B463-9F1BDD59BAE7}.Debug|Any CPU.ActiveCfg = Debug|Any CPU
		{42AB008D-CF73-407E-B463-9F1BDD59BAE7}.Debug|Any CPU.Build.0 = Debug|Any CPU
		{42AB008D-CF73-407E-B463-9F1BDD59BAE7}.Release|Any CPU.ActiveCfg = Release|Any CPU
		{42AB008D-CF73-407E-B463-9F1BDD59BAE7}.Release|Any CPU.Build.0 = Release|Any CPU
		{A906D83B-4EEC-4521-857B-2A5314EB8A2E}.Debug|Any CPU.ActiveCfg = Debug|Any CPU
		{A906D83B-4EEC-4521-857B-2A5314EB8A2E}.Debug|Any CPU.Build.0 = Debug|Any CPU
		{A906D83B-4EEC-4521-857B-2A5314EB8A2E}.Release|Any CPU.ActiveCfg = Release|Any CPU
		{A906D83B-4EEC-4521-857B-2A5314EB8A2E}.Release|Any CPU.Build.0 = Release|Any CPU
		{639473AB-87E1-418C-A5C5-35167FA2AE33}.Debug|Any CPU.ActiveCfg = Debug|Any CPU
		{639473AB-87E1-418C-A5C5-35167FA2AE33}.Debug|Any CPU.Build.0 = Debug|Any CPU
		{639473AB-87E1-418C-A5C5-35167FA2AE33}.Release|Any CPU.ActiveCfg = Release|Any CPU
		{639473AB-87E1-418C-A5C5-35167FA2AE33}.Release|Any CPU.Build.0 = Release|Any CPU
		{9CF56C25-3B59-4FAC-BAD1-496A88098BA2}.Debug|Any CPU.ActiveCfg = Debug|Any CPU
		{9CF56C25-3B59-4FAC-BAD1-496A88098BA2}.Debug|Any CPU.Build.0 = Debug|Any CPU
		{9CF56C25-3B59-4FAC-BAD1-496A88098BA2}.Release|Any CPU.ActiveCfg = Release|Any CPU
		{9CF56C25-3B59-4FAC-BAD1-496A88098BA2}.Release|Any CPU.Build.0 = Release|Any CPU
		{D6D41A83-6AE4-4D6B-A68F-E5DDC68178F5}.Debug|Any CPU.ActiveCfg = Debug|Any CPU
		{D6D41A83-6AE4-4D6B-A68F-E5DDC68178F5}.Debug|Any CPU.Build.0 = Debug|Any CPU
		{D6D41A83-6AE4-4D6B-A68F-E5DDC68178F5}.Release|Any CPU.ActiveCfg = Release|Any CPU
		{D6D41A83-6AE4-4D6B-A68F-E5DDC68178F5}.Release|Any CPU.Build.0 = Release|Any CPU
		{C912D218-02D4-4B0E-83E7-845646F1D031}.Debug|Any CPU.ActiveCfg = Debug|Any CPU
		{C912D218-02D4-4B0E-83E7-845646F1D031}.Debug|Any CPU.Build.0 = Debug|Any CPU
		{C912D218-02D4-4B0E-83E7-845646F1D031}.Release|Any CPU.ActiveCfg = Release|Any CPU
		{C912D218-02D4-4B0E-83E7-845646F1D031}.Release|Any CPU.Build.0 = Release|Any CPU
		{458CFFFF-C167-4BC9-A8BC-8E09A4F439E0}.Debug|Any CPU.ActiveCfg = Debug|Any CPU
		{458CFFFF-C167-4BC9-A8BC-8E09A4F439E0}.Debug|Any CPU.Build.0 = Debug|Any CPU
		{458CFFFF-C167-4BC9-A8BC-8E09A4F439E0}.Release|Any CPU.ActiveCfg = Release|Any CPU
		{458CFFFF-C167-4BC9-A8BC-8E09A4F439E0}.Release|Any CPU.Build.0 = Release|Any CPU
		{1E37060E-B166-43B5-BCCD-438174D607B8}.Debug|Any CPU.ActiveCfg = Debug|Any CPU
		{1E37060E-B166-43B5-BCCD-438174D607B8}.Debug|Any CPU.Build.0 = Debug|Any CPU
		{1E37060E-B166-43B5-BCCD-438174D607B8}.Release|Any CPU.ActiveCfg = Release|Any CPU
		{1E37060E-B166-43B5-BCCD-438174D607B8}.Release|Any CPU.Build.0 = Release|Any CPU
		{EB6F510C-12AC-4242-9EFA-6C011269E182}.Debug|Any CPU.ActiveCfg = Debug|Any CPU
		{EB6F510C-12AC-4242-9EFA-6C011269E182}.Debug|Any CPU.Build.0 = Debug|Any CPU
		{EB6F510C-12AC-4242-9EFA-6C011269E182}.Release|Any CPU.ActiveCfg = Release|Any CPU
		{EB6F510C-12AC-4242-9EFA-6C011269E182}.Release|Any CPU.Build.0 = Release|Any CPU
	EndGlobalSection
	GlobalSection(SolutionProperties) = preSolution
		HideSolutionNode = FALSE
	EndGlobalSection
	GlobalSection(NestedProjects) = preSolution
		{268E480A-AFE6-44C9-8F42-1398184BDA40} = {307402F1-30D0-41BC-9B99-FC636300F507}
		{509B0389-784A-40AB-825B-6D8485757C1C} = {307402F1-30D0-41BC-9B99-FC636300F507}
		{28CF6B54-C889-4459-8F0C-9C1E72C35D04} = {307402F1-30D0-41BC-9B99-FC636300F507}
		{42AB008D-CF73-407E-B463-9F1BDD59BAE7} = {307402F1-30D0-41BC-9B99-FC636300F507}
		{A906D83B-4EEC-4521-857B-2A5314EB8A2E} = {07907815-A820-4FA6-9E1F-CB5BF62F0010}
		{639473AB-87E1-418C-A5C5-35167FA2AE33} = {C4147DA2-7573-4023-A9E0-4AC171742210}
		{9CF56C25-3B59-4FAC-BAD1-496A88098BA2} = {C4147DA2-7573-4023-A9E0-4AC171742210}
		{D6D41A83-6AE4-4D6B-A68F-E5DDC68178F5} = {C4147DA2-7573-4023-A9E0-4AC171742210}
		{C912D218-02D4-4B0E-83E7-845646F1D031} = {C4147DA2-7573-4023-A9E0-4AC171742210}
		{458CFFFF-C167-4BC9-A8BC-8E09A4F439E0} = {013243E1-F1A9-4C04-B898-2A08322D81E4}
		{1E37060E-B166-43B5-BCCD-438174D607B8} = {013243E1-F1A9-4C04-B898-2A08322D81E4}
		{EB6F510C-12AC-4242-9EFA-6C011269E182} = {013243E1-F1A9-4C04-B898-2A08322D81E4}
	EndGlobalSection
	GlobalSection(ExtensibilityGlobals) = postSolution
		SolutionGuid = {7BE1C06E-177E-4794-A360-CAC0D2DBFCCE}
	EndGlobalSection
EndGlobal
