
Microsoft Visual Studio Solution File, Format Version 12.00
# Visual Studio Version 17
VisualStudioVersion = 17.3.32922.545
MinimumVisualStudioVersion = 10.0.40219.1
Project("{9A19103F-16F7-4668-BE54-9A1E7A4F7556}") = "DP_Observer01", "DP_Observer01\DP_Observer01.csproj", "{A5D4C634-18AB-4244-B711-54350D7A7A4D}"
EndProject
Project("{9A19103F-16F7-4668-BE54-9A1E7A4F7556}") = "DP_Observer02", "DP_Observer02\DP_Observer02.csproj", "{60E0635C-15EA-4509-B9D3-716E8991D9E8}"
EndProject
Project("{9A19103F-16F7-4668-BE54-9A1E7A4F7556}") = "DP_Observer03", "DP_Observer03\DP_Observer03.csproj", "{DAC4C7F2-C53E-4CE5-B622-979C83B46E2D}"
EndProject
Project("{9A19103F-16F7-4668-BE54-9A1E7A4F7556}") = "DP_Observer04", "DP_Observer04\DP_Observer04.csproj", "{73F11840-4E3A-4E04-98A7-095F79B50E93}"
EndProject
Global
	GlobalSection(SolutionConfigurationPlatforms) = preSolution
		Debug|Any CPU = Debug|Any CPU
		Release|Any CPU = Release|Any CPU
	EndGlobalSection
	GlobalSection(ProjectConfigurationPlatforms) = postSolution
		{A5D4C634-18AB-4244-B711-54350D7A7A4D}.Debug|Any CPU.ActiveCfg = Debug|Any CPU
		{A5D4C634-18AB-4244-B711-54350D7A7A4D}.Debug|Any CPU.Build.0 = Debug|Any CPU
		{A5D4C634-18AB-4244-B711-54350D7A7A4D}.Release|Any CPU.ActiveCfg = Release|Any CPU
		{A5D4C634-18AB-4244-B711-54350D7A7A4D}.Release|Any CPU.Build.0 = Release|Any CPU
		{60E0635C-15EA-4509-B9D3-716E8991D9E8}.Debug|Any CPU.ActiveCfg = Debug|Any CPU
		{60E0635C-15EA-4509-B9D3-716E8991D9E8}.Debug|Any CPU.Build.0 = Debug|Any CPU
		{60E0635C-15EA-4509-B9D3-716E8991D9E8}.Release|Any CPU.ActiveCfg = Release|Any CPU
		{60E0635C-15EA-4509-B9D3-716E8991D9E8}.Release|Any CPU.Build.0 = Release|Any CPU
		{DAC4C7F2-C53E-4CE5-B622-979C83B46E2D}.Debug|Any CPU.ActiveCfg = Debug|Any CPU
		{DAC4C7F2-C53E-4CE5-B622-979C83B46E2D}.Debug|Any CPU.Build.0 = Debug|Any CPU
		{DAC4C7F2-C53E-4CE5-B622-979C83B46E2D}.Release|Any CPU.ActiveCfg = Release|Any CPU
		{DAC4C7F2-C53E-4CE5-B622-979C83B46E2D}.Release|Any CPU.Build.0 = Release|Any CPU
		{73F11840-4E3A-4E04-98A7-095F79B50E93}.Debug|Any CPU.ActiveCfg = Debug|Any CPU
		{73F11840-4E3A-4E04-98A7-095F79B50E93}.Debug|Any CPU.Build.0 = Debug|Any CPU
		{73F11840-4E3A-4E04-98A7-095F79B50E93}.Release|Any CPU.ActiveCfg = Release|Any CPU
		{73F11840-4E3A-4E04-98A7-095F79B50E93}.Release|Any CPU.Build.0 = Release|Any CPU
	EndGlobalSection
	GlobalSection(SolutionProperties) = preSolution
		HideSolutionNode = FALSE
	EndGlobalSection
	GlobalSection(ExtensibilityGlobals) = postSolution
		SolutionGuid = {20272D09-2D2D-44D4-BB8A-00763D070274}
	EndGlobalSection
EndGlobal
